
Microsoft Visual Studio Solution File, Format Version 12.00
# Visual Studio Version 17
VisualStudioVersion = 17.4.33213.308
MinimumVisualStudioVersion = 10.0.40219.1
Project("{FAE04EC0-301F-11D3-BF4B-00C04F79EFBC}") = "Cholo_841665_As1", "Cholo_841665_As1.csproj", "{58C42461-1B83-4089-8F19-46A4EA378232}"
EndProject
Global
	GlobalSection(SolutionConfigurationPlatforms) = preSolution
		Debug|Any CPU = Debug|Any CPU
		Release|Any CPU = Release|Any CPU
	EndGlobalSection
	GlobalSection(ProjectConfigurationPlatforms) = postSolution
		{58C42461-1B83-4089-8F19-46A4EA378232}.Debug|Any CPU.ActiveCfg = Debug|Any CPU
		{58C42461-1B83-4089-8F19-46A4EA378232}.Debug|Any CPU.Build.0 = Debug|Any CPU
		{58C42461-1B83-4089-8F19-46A4EA378232}.Release|Any CPU.ActiveCfg = Release|Any CPU
		{58C42461-1B83-4089-8F19-46A4EA378232}.Release|Any CPU.Build.0 = Release|Any CPU
	EndGlobalSection
	GlobalSection(SolutionProperties) = preSolution
		HideSolutionNode = FALSE
	EndGlobalSection
	GlobalSection(ExtensibilityGlobals) = postSolution
		SolutionGuid = {4C76C541-E3DC-42C6-B4EB-5A45A01378CE}
	EndGlobalSection
EndGlobal
